// !$*UTF8*$!
{
	archiveVersion = 1;
	classes = {
	};
	objectVersion = 56;
	objects = {

/* Begin PBXBuildFile section */
		F96B91682C42C14500FFE23D /* AppDelegate.swift in Sources */ = {isa = PBXBuildFile; fileRef = F96B91672C42C14500FFE23D /* AppDelegate.swift */; };
		F96B916A2C42C14500FFE23D /* SceneDelegate.swift in Sources */ = {isa = PBXBuildFile; fileRef = F96B91692C42C14500FFE23D /* SceneDelegate.swift */; };
		F96B916C2C42C14500FFE23D /* ViewController.swift in Sources */ = {isa = PBXBuildFile; fileRef = F96B916B2C42C14500FFE23D /* ViewController.swift */; };
		F96B916F2C42C14500FFE23D /* Base in Resources */ = {isa = PBXBuildFile; fileRef = F96B916E2C42C14500FFE23D /* Base */; };
		F96B91712C42C14600FFE23D /* Assets.xcassets in Resources */ = {isa = PBXBuildFile; fileRef = F96B91702C42C14600FFE23D /* Assets.xcassets */; };
		F96B91742C42C14600FFE23D /* Base in Resources */ = {isa = PBXBuildFile; fileRef = F96B91732C42C14600FFE23D /* Base */; };
		F96B917D2C42DC9200FFE23D /* LoginDetails.swift in Sources */ = {isa = PBXBuildFile; fileRef = F96B917C2C42DC9200FFE23D /* LoginDetails.swift */; };
		F98E05482C54D462006DABD9 /* OFL.txt in Resources */ = {isa = PBXBuildFile; fileRef = F98E05342C54D461006DABD9 /* OFL.txt */; };
		F98E05492C54D462006DABD9 /* Poppins-Black.ttf in Resources */ = {isa = PBXBuildFile; fileRef = F98E05352C54D461006DABD9 /* Poppins-Black.ttf */; };
		F98E054A2C54D462006DABD9 /* Poppins-BlackItalic.ttf in Resources */ = {isa = PBXBuildFile; fileRef = F98E05362C54D461006DABD9 /* Poppins-BlackItalic.ttf */; };
		F98E054B2C54D462006DABD9 /* Poppins-Bold.ttf in Resources */ = {isa = PBXBuildFile; fileRef = F98E05372C54D461006DABD9 /* Poppins-Bold.ttf */; };
		F98E054C2C54D462006DABD9 /* Poppins-BoldItalic.ttf in Resources */ = {isa = PBXBuildFile; fileRef = F98E05382C54D461006DABD9 /* Poppins-BoldItalic.ttf */; };
		F98E054D2C54D462006DABD9 /* Poppins-ExtraBold.ttf in Resources */ = {isa = PBXBuildFile; fileRef = F98E05392C54D461006DABD9 /* Poppins-ExtraBold.ttf */; };
		F98E054E2C54D462006DABD9 /* Poppins-ExtraBoldItalic.ttf in Resources */ = {isa = PBXBuildFile; fileRef = F98E053A2C54D461006DABD9 /* Poppins-ExtraBoldItalic.ttf */; };
		F98E054F2C54D462006DABD9 /* Poppins-ExtraLight.ttf in Resources */ = {isa = PBXBuildFile; fileRef = F98E053B2C54D461006DABD9 /* Poppins-ExtraLight.ttf */; };
		F98E05502C54D462006DABD9 /* Poppins-ExtraLightItalic.ttf in Resources */ = {isa = PBXBuildFile; fileRef = F98E053C2C54D461006DABD9 /* Poppins-ExtraLightItalic.ttf */; };
		F98E05512C54D462006DABD9 /* Poppins-Italic.ttf in Resources */ = {isa = PBXBuildFile; fileRef = F98E053D2C54D461006DABD9 /* Poppins-Italic.ttf */; };
		F98E05522C54D462006DABD9 /* Poppins-Light.ttf in Resources */ = {isa = PBXBuildFile; fileRef = F98E053E2C54D461006DABD9 /* Poppins-Light.ttf */; };
		F98E05532C54D462006DABD9 /* Poppins-LightItalic.ttf in Resources */ = {isa = PBXBuildFile; fileRef = F98E053F2C54D461006DABD9 /* Poppins-LightItalic.ttf */; };
		F98E05542C54D462006DABD9 /* Poppins-Medium.ttf in Resources */ = {isa = PBXBuildFile; fileRef = F98E05402C54D461006DABD9 /* Poppins-Medium.ttf */; };
		F98E05552C54D462006DABD9 /* Poppins-MediumItalic.ttf in Resources */ = {isa = PBXBuildFile; fileRef = F98E05412C54D461006DABD9 /* Poppins-MediumItalic.ttf */; };
		F98E05562C54D462006DABD9 /* Poppins-Regular.ttf in Resources */ = {isa = PBXBuildFile; fileRef = F98E05422C54D461006DABD9 /* Poppins-Regular.ttf */; };
		F98E05572C54D462006DABD9 /* Poppins-SemiBold.ttf in Resources */ = {isa = PBXBuildFile; fileRef = F98E05432C54D461006DABD9 /* Poppins-SemiBold.ttf */; };
		F98E05582C54D462006DABD9 /* Poppins-SemiBoldItalic.ttf in Resources */ = {isa = PBXBuildFile; fileRef = F98E05442C54D461006DABD9 /* Poppins-SemiBoldItalic.ttf */; };
		F98E05592C54D462006DABD9 /* Poppins-Thin.ttf in Resources */ = {isa = PBXBuildFile; fileRef = F98E05452C54D461006DABD9 /* Poppins-Thin.ttf */; };
		F98E055A2C54D462006DABD9 /* Poppins-ThinItalic.ttf in Resources */ = {isa = PBXBuildFile; fileRef = F98E05462C54D461006DABD9 /* Poppins-ThinItalic.ttf */; };
		F98E055D2C54D7F3006DABD9 /* FontManager.swift in Sources */ = {isa = PBXBuildFile; fileRef = F98E055C2C54D7F3006DABD9 /* FontManager.swift */; };
		F98E05612C54D914006DABD9 /* LoginViewController.swift in Sources */ = {isa = PBXBuildFile; fileRef = F98E05602C54D914006DABD9 /* LoginViewController.swift */; };
		F98E05632C54D91F006DABD9 /* Login.storyboard in Resources */ = {isa = PBXBuildFile; fileRef = F98E05622C54D91F006DABD9 /* Login.storyboard */; };
		F98E05652C54DB62006DABD9 /* RegisterViewController.swift in Sources */ = {isa = PBXBuildFile; fileRef = F98E05642C54DB62006DABD9 /* RegisterViewController.swift */; };
		F98E05672C54DB6D006DABD9 /* Register.storyboard in Resources */ = {isa = PBXBuildFile; fileRef = F98E05662C54DB6D006DABD9 /* Register.storyboard */; };
		F98E056A2C54E930006DABD9 /* ProductViewController.swift in Sources */ = {isa = PBXBuildFile; fileRef = F98E05692C54E930006DABD9 /* ProductViewController.swift */; };
		F98E056C2C54E93C006DABD9 /* Product.storyboard in Resources */ = {isa = PBXBuildFile; fileRef = F98E056B2C54E93C006DABD9 /* Product.storyboard */; };
/* End PBXBuildFile section */

/* Begin PBXFileReference section */
		F96B91642C42C14500FFE23D /* StyleUnic.app */ = {isa = PBXFileReference; explicitFileType = wrapper.application; includeInIndex = 0; path = StyleUnic.app; sourceTree = BUILT_PRODUCTS_DIR; };
		F96B91672C42C14500FFE23D /* AppDelegate.swift */ = {isa = PBXFileReference; lastKnownFileType = sourcecode.swift; path = AppDelegate.swift; sourceTree = "<group>"; };
		F96B91692C42C14500FFE23D /* SceneDelegate.swift */ = {isa = PBXFileReference; lastKnownFileType = sourcecode.swift; path = SceneDelegate.swift; sourceTree = "<group>"; };
		F96B916B2C42C14500FFE23D /* ViewController.swift */ = {isa = PBXFileReference; lastKnownFileType = sourcecode.swift; path = ViewController.swift; sourceTree = "<group>"; };
		F96B916E2C42C14500FFE23D /* Base */ = {isa = PBXFileReference; lastKnownFileType = file.storyboard; name = Base; path = Base.lproj/Main.storyboard; sourceTree = "<group>"; };
		F96B91702C42C14600FFE23D /* Assets.xcassets */ = {isa = PBXFileReference; lastKnownFileType = folder.assetcatalog; path = Assets.xcassets; sourceTree = "<group>"; };
		F96B91732C42C14600FFE23D /* Base */ = {isa = PBXFileReference; lastKnownFileType = file.storyboard; name = Base; path = Base.lproj/LaunchScreen.storyboard; sourceTree = "<group>"; };
		F96B91752C42C14600FFE23D /* Info.plist */ = {isa = PBXFileReference; lastKnownFileType = text.plist.xml; path = Info.plist; sourceTree = "<group>"; };
		F96B917C2C42DC9200FFE23D /* LoginDetails.swift */ = {isa = PBXFileReference; lastKnownFileType = sourcecode.swift; path = LoginDetails.swift; sourceTree = "<group>"; };
		F98E05342C54D461006DABD9 /* OFL.txt */ = {isa = PBXFileReference; fileEncoding = 4; lastKnownFileType = text; path = OFL.txt; sourceTree = "<group>"; };
		F98E05352C54D461006DABD9 /* Poppins-Black.ttf */ = {isa = PBXFileReference; lastKnownFileType = file; path = "Poppins-Black.ttf"; sourceTree = "<group>"; };
		F98E05362C54D461006DABD9 /* Poppins-BlackItalic.ttf */ = {isa = PBXFileReference; lastKnownFileType = file; path = "Poppins-BlackItalic.ttf"; sourceTree = "<group>"; };
		F98E05372C54D461006DABD9 /* Poppins-Bold.ttf */ = {isa = PBXFileReference; lastKnownFileType = file; path = "Poppins-Bold.ttf"; sourceTree = "<group>"; };
		F98E05382C54D461006DABD9 /* Poppins-BoldItalic.ttf */ = {isa = PBXFileReference; lastKnownFileType = file; path = "Poppins-BoldItalic.ttf"; sourceTree = "<group>"; };
		F98E05392C54D461006DABD9 /* Poppins-ExtraBold.ttf */ = {isa = PBXFileReference; lastKnownFileType = file; path = "Poppins-ExtraBold.ttf"; sourceTree = "<group>"; };
		F98E053A2C54D461006DABD9 /* Poppins-ExtraBoldItalic.ttf */ = {isa = PBXFileReference; lastKnownFileType = file; path = "Poppins-ExtraBoldItalic.ttf"; sourceTree = "<group>"; };
		F98E053B2C54D461006DABD9 /* Poppins-ExtraLight.ttf */ = {isa = PBXFileReference; lastKnownFileType = file; path = "Poppins-ExtraLight.ttf"; sourceTree = "<group>"; };
		F98E053C2C54D461006DABD9 /* Poppins-ExtraLightItalic.ttf */ = {isa = PBXFileReference; lastKnownFileType = file; path = "Poppins-ExtraLightItalic.ttf"; sourceTree = "<group>"; };
		F98E053D2C54D461006DABD9 /* Poppins-Italic.ttf */ = {isa = PBXFileReference; lastKnownFileType = file; path = "Poppins-Italic.ttf"; sourceTree = "<group>"; };
		F98E053E2C54D461006DABD9 /* Poppins-Light.ttf */ = {isa = PBXFileReference; lastKnownFileType = file; path = "Poppins-Light.ttf"; sourceTree = "<group>"; };
		F98E053F2C54D461006DABD9 /* Poppins-LightItalic.ttf */ = {isa = PBXFileReference; lastKnownFileType = file; path = "Poppins-LightItalic.ttf"; sourceTree = "<group>"; };
		F98E05402C54D461006DABD9 /* Poppins-Medium.ttf */ = {isa = PBXFileReference; lastKnownFileType = file; path = "Poppins-Medium.ttf"; sourceTree = "<group>"; };
		F98E05412C54D461006DABD9 /* Poppins-MediumItalic.ttf */ = {isa = PBXFileReference; lastKnownFileType = file; path = "Poppins-MediumItalic.ttf"; sourceTree = "<group>"; };
		F98E05422C54D461006DABD9 /* Poppins-Regular.ttf */ = {isa = PBXFileReference; lastKnownFileType = file; path = "Poppins-Regular.ttf"; sourceTree = "<group>"; };
		F98E05432C54D461006DABD9 /* Poppins-SemiBold.ttf */ = {isa = PBXFileReference; lastKnownFileType = file; path = "Poppins-SemiBold.ttf"; sourceTree = "<group>"; };
		F98E05442C54D461006DABD9 /* Poppins-SemiBoldItalic.ttf */ = {isa = PBXFileReference; lastKnownFileType = file; path = "Poppins-SemiBoldItalic.ttf"; sourceTree = "<group>"; };
		F98E05452C54D461006DABD9 /* Poppins-Thin.ttf */ = {isa = PBXFileReference; lastKnownFileType = file; path = "Poppins-Thin.ttf"; sourceTree = "<group>"; };
		F98E05462C54D461006DABD9 /* Poppins-ThinItalic.ttf */ = {isa = PBXFileReference; lastKnownFileType = file; path = "Poppins-ThinItalic.ttf"; sourceTree = "<group>"; };
		F98E055C2C54D7F3006DABD9 /* FontManager.swift */ = {isa = PBXFileReference; lastKnownFileType = sourcecode.swift; path = FontManager.swift; sourceTree = "<group>"; };
		F98E05602C54D914006DABD9 /* LoginViewController.swift */ = {isa = PBXFileReference; lastKnownFileType = sourcecode.swift; path = LoginViewController.swift; sourceTree = "<group>"; };
		F98E05622C54D91F006DABD9 /* Login.storyboard */ = {isa = PBXFileReference; lastKnownFileType = file.storyboard; path = Login.storyboard; sourceTree = "<group>"; };
		F98E05642C54DB62006DABD9 /* RegisterViewController.swift */ = {isa = PBXFileReference; lastKnownFileType = sourcecode.swift; path = RegisterViewController.swift; sourceTree = "<group>"; };
		F98E05662C54DB6D006DABD9 /* Register.storyboard */ = {isa = PBXFileReference; lastKnownFileType = file.storyboard; path = Register.storyboard; sourceTree = "<group>"; };
		F98E05692C54E930006DABD9 /* ProductViewController.swift */ = {isa = PBXFileReference; lastKnownFileType = sourcecode.swift; path = ProductViewController.swift; sourceTree = "<group>"; };
		F98E056B2C54E93C006DABD9 /* Product.storyboard */ = {isa = PBXFileReference; lastKnownFileType = file.storyboard; path = Product.storyboard; sourceTree = "<group>"; };
/* End PBXFileReference section */

/* Begin PBXFrameworksBuildPhase section */
		F96B91612C42C14500FFE23D /* Frameworks */ = {
			isa = PBXFrameworksBuildPhase;
			buildActionMask = 2147483647;
			files = (
			);
			runOnlyForDeploymentPostprocessing = 0;
		};
/* End PBXFrameworksBuildPhase section */

/* Begin PBXGroup section */
		F96B915B2C42C14500FFE23D = {
			isa = PBXGroup;
			children = (
				F96B91662C42C14500FFE23D /* StyleUnic */,
				F96B91652C42C14500FFE23D /* Products */,
			);
			sourceTree = "<group>";
		};
		F96B91652C42C14500FFE23D /* Products */ = {
			isa = PBXGroup;
			children = (
				F96B91642C42C14500FFE23D /* StyleUnic.app */,
			);
			name = Products;
			sourceTree = "<group>";
		};
		F96B91662C42C14500FFE23D /* StyleUnic */ = {
			isa = PBXGroup;
			children = (
				F98E05682C54E91D006DABD9 /* ProductDetails */,
				F98E055F2C54D903006DABD9 /* Register */,
				F98E055E2C54D8FD006DABD9 /* Login */,
				F98E055B2C54D7E0006DABD9 /* FontManager */,
				F98E05332C54D44F006DABD9 /* Fonts */,
				F96B917B2C42DC7200FFE23D /* UserCridential */,
				F96B91672C42C14500FFE23D /* AppDelegate.swift */,
				F96B91692C42C14500FFE23D /* SceneDelegate.swift */,
				F96B916B2C42C14500FFE23D /* ViewController.swift */,
				F96B916D2C42C14500FFE23D /* Main.storyboard */,
				F96B91702C42C14600FFE23D /* Assets.xcassets */,
				F96B91722C42C14600FFE23D /* LaunchScreen.storyboard */,
				F96B91752C42C14600FFE23D /* Info.plist */,
			);
			path = StyleUnic;
			sourceTree = "<group>";
		};
		F96B917B2C42DC7200FFE23D /* UserCridential */ = {
			isa = PBXGroup;
			children = (
				F96B917C2C42DC9200FFE23D /* LoginDetails.swift */,
			);
			path = UserCridential;
			sourceTree = "<group>";
		};
		F98E05332C54D44F006DABD9 /* Fonts */ = {
			isa = PBXGroup;
			children = (
				F98E05472C54D461006DABD9 /* Poppins */,
			);
			name = Fonts;
			sourceTree = "<group>";
		};
		F98E05472C54D461006DABD9 /* Poppins */ = {
			isa = PBXGroup;
			children = (
				F98E05342C54D461006DABD9 /* OFL.txt */,
				F98E05352C54D461006DABD9 /* Poppins-Black.ttf */,
				F98E05362C54D461006DABD9 /* Poppins-BlackItalic.ttf */,
				F98E05372C54D461006DABD9 /* Poppins-Bold.ttf */,
				F98E05382C54D461006DABD9 /* Poppins-BoldItalic.ttf */,
				F98E05392C54D461006DABD9 /* Poppins-ExtraBold.ttf */,
				F98E053A2C54D461006DABD9 /* Poppins-ExtraBoldItalic.ttf */,
				F98E053B2C54D461006DABD9 /* Poppins-ExtraLight.ttf */,
				F98E053C2C54D461006DABD9 /* Poppins-ExtraLightItalic.ttf */,
				F98E053D2C54D461006DABD9 /* Poppins-Italic.ttf */,
				F98E053E2C54D461006DABD9 /* Poppins-Light.ttf */,
				F98E053F2C54D461006DABD9 /* Poppins-LightItalic.ttf */,
				F98E05402C54D461006DABD9 /* Poppins-Medium.ttf */,
				F98E05412C54D461006DABD9 /* Poppins-MediumItalic.ttf */,
				F98E05422C54D461006DABD9 /* Poppins-Regular.ttf */,
				F98E05432C54D461006DABD9 /* Poppins-SemiBold.ttf */,
				F98E05442C54D461006DABD9 /* Poppins-SemiBoldItalic.ttf */,
				F98E05452C54D461006DABD9 /* Poppins-Thin.ttf */,
				F98E05462C54D461006DABD9 /* Poppins-ThinItalic.ttf */,
			);
			path = Poppins;
			sourceTree = "<group>";
		};
		F98E055B2C54D7E0006DABD9 /* FontManager */ = {
			isa = PBXGroup;
			children = (
				F98E055C2C54D7F3006DABD9 /* FontManager.swift */,
			);
			name = FontManager;
			sourceTree = "<group>";
		};
		F98E055E2C54D8FD006DABD9 /* Login */ = {
			isa = PBXGroup;
			children = (
				F98E05602C54D914006DABD9 /* LoginViewController.swift */,
				F98E05622C54D91F006DABD9 /* Login.storyboard */,
			);
			path = Login;
			sourceTree = "<group>";
		};
		F98E055F2C54D903006DABD9 /* Register */ = {
			isa = PBXGroup;
			children = (
				F98E05642C54DB62006DABD9 /* RegisterViewController.swift */,
				F98E05662C54DB6D006DABD9 /* Register.storyboard */,
			);
			name = Register;
			sourceTree = "<group>";
		};
		F98E05682C54E91D006DABD9 /* ProductDetails */ = {
			isa = PBXGroup;
			children = (
				F98E05692C54E930006DABD9 /* ProductViewController.swift */,
				F98E056B2C54E93C006DABD9 /* Product.storyboard */,
			);
			path = ProductDetails;
			sourceTree = "<group>";
		};
/* End PBXGroup section */

/* Begin PBXNativeTarget section */
		F96B91632C42C14500FFE23D /* StyleUnic */ = {
			isa = PBXNativeTarget;
			buildConfigurationList = F96B91782C42C14600FFE23D /* Build configuration list for PBXNativeTarget "StyleUnic" */;
			buildPhases = (
				F96B91602C42C14500FFE23D /* Sources */,
				F96B91612C42C14500FFE23D /* Frameworks */,
				F96B91622C42C14500FFE23D /* Resources */,
			);
			buildRules = (
			);
			dependencies = (
			);
			name = StyleUnic;
			productName = StyleUnic;
			productReference = F96B91642C42C14500FFE23D /* StyleUnic.app */;
			productType = "com.apple.product-type.application";
		};
/* End PBXNativeTarget section */

/* Begin PBXProject section */
		F96B915C2C42C14500FFE23D /* Project object */ = {
			isa = PBXProject;
			attributes = {
				BuildIndependentTargetsInParallel = 1;
				LastSwiftUpdateCheck = 1530;
				LastUpgradeCheck = 1530;
				TargetAttributes = {
					F96B91632C42C14500FFE23D = {
						CreatedOnToolsVersion = 15.3;
					};
				};
			};
			buildConfigurationList = F96B915F2C42C14500FFE23D /* Build configuration list for PBXProject "StyleUnic" */;
			compatibilityVersion = "Xcode 14.0";
			developmentRegion = en;
			hasScannedForEncodings = 0;
			knownRegions = (
				en,
				Base,
			);
			mainGroup = F96B915B2C42C14500FFE23D;
			productRefGroup = F96B91652C42C14500FFE23D /* Products */;
			projectDirPath = "";
			projectRoot = "";
			targets = (
				F96B91632C42C14500FFE23D /* StyleUnic */,
			);
		};
/* End PBXProject section */

/* Begin PBXResourcesBuildPhase section */
		F96B91622C42C14500FFE23D /* Resources */ = {
			isa = PBXResourcesBuildPhase;
			buildActionMask = 2147483647;
			files = (
				F98E05502C54D462006DABD9 /* Poppins-ExtraLightItalic.ttf in Resources */,
				F98E05532C54D462006DABD9 /* Poppins-LightItalic.ttf in Resources */,
				F96B91712C42C14600FFE23D /* Assets.xcassets in Resources */,
				F98E055A2C54D462006DABD9 /* Poppins-ThinItalic.ttf in Resources */,
				F98E05562C54D462006DABD9 /* Poppins-Regular.ttf in Resources */,
				F98E054D2C54D462006DABD9 /* Poppins-ExtraBold.ttf in Resources */,
				F98E056C2C54E93C006DABD9 /* Product.storyboard in Resources */,
				F98E05582C54D462006DABD9 /* Poppins-SemiBoldItalic.ttf in Resources */,
				F98E05572C54D462006DABD9 /* Poppins-SemiBold.ttf in Resources */,
				F96B91742C42C14600FFE23D /* Base in Resources */,
				F98E05542C54D462006DABD9 /* Poppins-Medium.ttf in Resources */,
				F98E054B2C54D462006DABD9 /* Poppins-Bold.ttf in Resources */,
				F98E054E2C54D462006DABD9 /* Poppins-ExtraBoldItalic.ttf in Resources */,
				F98E05482C54D462006DABD9 /* OFL.txt in Resources */,
				F98E05522C54D462006DABD9 /* Poppins-Light.ttf in Resources */,
				F98E05512C54D462006DABD9 /* Poppins-Italic.ttf in Resources */,
				F98E05552C54D462006DABD9 /* Poppins-MediumItalic.ttf in Resources */,
				F98E05592C54D462006DABD9 /* Poppins-Thin.ttf in Resources */,
				F96B916F2C42C14500FFE23D /* Base in Resources */,
				F98E054F2C54D462006DABD9 /* Poppins-ExtraLight.ttf in Resources */,
				F98E054A2C54D462006DABD9 /* Poppins-BlackItalic.ttf in Resources */,
				F98E05492C54D462006DABD9 /* Poppins-Black.ttf in Resources */,
				F98E05632C54D91F006DABD9 /* Login.storyboard in Resources */,
				F98E054C2C54D462006DABD9 /* Poppins-BoldItalic.ttf in Resources */,
				F98E05672C54DB6D006DABD9 /* Register.storyboard in Resources */,
			);
			runOnlyForDeploymentPostprocessing = 0;
		};
/* End PBXResourcesBuildPhase section */

/* Begin PBXSourcesBuildPhase section */
		F96B91602C42C14500FFE23D /* Sources */ = {
			isa = PBXSourcesBuildPhase;
			buildActionMask = 2147483647;
			files = (
				F98E05612C54D914006DABD9 /* LoginViewController.swift in Sources */,
				F98E055D2C54D7F3006DABD9 /* FontManager.swift in Sources */,
				F98E05652C54DB62006DABD9 /* RegisterViewController.swift in Sources */,
				F96B917D2C42DC9200FFE23D /* LoginDetails.swift in Sources */,
				F96B916C2C42C14500FFE23D /* ViewController.swift in Sources */,
				F96B91682C42C14500FFE23D /* AppDelegate.swift in Sources */,
				F98E056A2C54E930006DABD9 /* ProductViewController.swift in Sources */,
				F96B916A2C42C14500FFE23D /* SceneDelegate.swift in Sources */,
			);
			runOnlyForDeploymentPostprocessing = 0;
		};
/* End PBXSourcesBuildPhase section */

/* Begin PBXVariantGroup section */
		F96B916D2C42C14500FFE23D /* Main.storyboard */ = {
			isa = PBXVariantGroup;
			children = (
				F96B916E2C42C14500FFE23D /* Base */,
			);
			name = Main.storyboard;
			sourceTree = "<group>";
		};
		F96B91722C42C14600FFE23D /* LaunchScreen.storyboard */ = {
			isa = PBXVariantGroup;
			children = (
				F96B91732C42C14600FFE23D /* Base */,
			);
			name = LaunchScreen.storyboard;
			sourceTree = "<group>";
		};
/* End PBXVariantGroup section */

/* Begin XCBuildConfiguration section */
		F96B91762C42C14600FFE23D /* Debug */ = {
			isa = XCBuildConfiguration;
			buildSettings = {
				ALWAYS_SEARCH_USER_PATHS = NO;
				ASSETCATALOG_COMPILER_GENERATE_SWIFT_ASSET_SYMBOL_EXTENSIONS = YES;
				CLANG_ANALYZER_NONNULL = YES;
				CLANG_ANALYZER_NUMBER_OBJECT_CONVERSION = YES_AGGRESSIVE;
				CLANG_CXX_LANGUAGE_STANDARD = "gnu++20";
				CLANG_ENABLE_MODULES = YES;
				CLANG_ENABLE_OBJC_ARC = YES;
				CLANG_ENABLE_OBJC_WEAK = YES;
				CLANG_WARN_BLOCK_CAPTURE_AUTORELEASING = YES;
				CLANG_WARN_BOOL_CONVERSION = YES;
				CLANG_WARN_COMMA = YES;
				CLANG_WARN_CONSTANT_CONVERSION = YES;
				CLANG_WARN_DEPRECATED_OBJC_IMPLEMENTATIONS = YES;
				CLANG_WARN_DIRECT_OBJC_ISA_USAGE = YES_ERROR;
				CLANG_WARN_DOCUMENTATION_COMMENTS = YES;
				CLANG_WARN_EMPTY_BODY = YES;
				CLANG_WARN_ENUM_CONVERSION = YES;
				CLANG_WARN_INFINITE_RECURSION = YES;
				CLANG_WARN_INT_CONVERSION = YES;
				CLANG_WARN_NON_LITERAL_NULL_CONVERSION = YES;
				CLANG_WARN_OBJC_IMPLICIT_RETAIN_SELF = YES;
				CLANG_WARN_OBJC_LITERAL_CONVERSION = YES;
				CLANG_WARN_OBJC_ROOT_CLASS = YES_ERROR;
				CLANG_WARN_QUOTED_INCLUDE_IN_FRAMEWORK_HEADER = YES;
				CLANG_WARN_RANGE_LOOP_ANALYSIS = YES;
				CLANG_WARN_STRICT_PROTOTYPES = YES;
				CLANG_WARN_SUSPICIOUS_MOVE = YES;
				CLANG_WARN_UNGUARDED_AVAILABILITY = YES_AGGRESSIVE;
				CLANG_WARN_UNREACHABLE_CODE = YES;
				CLANG_WARN__DUPLICATE_METHOD_MATCH = YES;
				COPY_PHASE_STRIP = NO;
				DEBUG_INFORMATION_FORMAT = dwarf;
				ENABLE_STRICT_OBJC_MSGSEND = YES;
				ENABLE_TESTABILITY = YES;
				ENABLE_USER_SCRIPT_SANDBOXING = YES;
				GCC_C_LANGUAGE_STANDARD = gnu17;
				GCC_DYNAMIC_NO_PIC = NO;
				GCC_NO_COMMON_BLOCKS = YES;
				GCC_OPTIMIZATION_LEVEL = 0;
				GCC_PREPROCESSOR_DEFINITIONS = (
					"DEBUG=1",
					"$(inherited)",
				);
				GCC_WARN_64_TO_32_BIT_CONVERSION = YES;
				GCC_WARN_ABOUT_RETURN_TYPE = YES_ERROR;
				GCC_WARN_UNDECLARED_SELECTOR = YES;
				GCC_WARN_UNINITIALIZED_AUTOS = YES_AGGRESSIVE;
				GCC_WARN_UNUSED_FUNCTION = YES;
				GCC_WARN_UNUSED_VARIABLE = YES;
				IPHONEOS_DEPLOYMENT_TARGET = 17.4;
				LOCALIZATION_PREFERS_STRING_CATALOGS = YES;
				MTL_ENABLE_DEBUG_INFO = INCLUDE_SOURCE;
				MTL_FAST_MATH = YES;
				ONLY_ACTIVE_ARCH = YES;
				SDKROOT = iphoneos;
				SWIFT_ACTIVE_COMPILATION_CONDITIONS = "DEBUG $(inherited)";
				SWIFT_OPTIMIZATION_LEVEL = "-Onone";
			};
			name = Debug;
		};
		F96B91772C42C14600FFE23D /* Release */ = {
			isa = XCBuildConfiguration;
			buildSettings = {
				ALWAYS_SEARCH_USER_PATHS = NO;
				ASSETCATALOG_COMPILER_GENERATE_SWIFT_ASSET_SYMBOL_EXTENSIONS = YES;
				CLANG_ANALYZER_NONNULL = YES;
				CLANG_ANALYZER_NUMBER_OBJECT_CONVERSION = YES_AGGRESSIVE;
				CLANG_CXX_LANGUAGE_STANDARD = "gnu++20";
				CLANG_ENABLE_MODULES = YES;
				CLANG_ENABLE_OBJC_ARC = YES;
				CLANG_ENABLE_OBJC_WEAK = YES;
				CLANG_WARN_BLOCK_CAPTURE_AUTORELEASING = YES;
				CLANG_WARN_BOOL_CONVERSION = YES;
				CLANG_WARN_COMMA = YES;
				CLANG_WARN_CONSTANT_CONVERSION = YES;
				CLANG_WARN_DEPRECATED_OBJC_IMPLEMENTATIONS = YES;
				CLANG_WARN_DIRECT_OBJC_ISA_USAGE = YES_ERROR;
				CLANG_WARN_DOCUMENTATION_COMMENTS = YES;
				CLANG_WARN_EMPTY_BODY = YES;
				CLANG_WARN_ENUM_CONVERSION = YES;
				CLANG_WARN_INFINITE_RECURSION = YES;
				CLANG_WARN_INT_CONVERSION = YES;
				CLANG_WARN_NON_LITERAL_NULL_CONVERSION = YES;
				CLANG_WARN_OBJC_IMPLICIT_RETAIN_SELF = YES;
				CLANG_WARN_OBJC_LITERAL_CONVERSION = YES;
				CLANG_WARN_OBJC_ROOT_CLASS = YES_ERROR;
				CLANG_WARN_QUOTED_INCLUDE_IN_FRAMEWORK_HEADER = YES;
				CLANG_WARN_RANGE_LOOP_ANALYSIS = YES;
				CLANG_WARN_STRICT_PROTOTYPES = YES;
				CLANG_WARN_SUSPICIOUS_MOVE = YES;
				CLANG_WARN_UNGUARDED_AVAILABILITY = YES_AGGRESSIVE;
				CLANG_WARN_UNREACHABLE_CODE = YES;
				CLANG_WARN__DUPLICATE_METHOD_MATCH = YES;
				COPY_PHASE_STRIP = NO;
				DEBUG_INFORMATION_FORMAT = "dwarf-with-dsym";
				ENABLE_NS_ASSERTIONS = NO;
				ENABLE_STRICT_OBJC_MSGSEND = YES;
				ENABLE_USER_SCRIPT_SANDBOXING = YES;
				GCC_C_LANGUAGE_STANDARD = gnu17;
				GCC_NO_COMMON_BLOCKS = YES;
				GCC_WARN_64_TO_32_BIT_CONVERSION = YES;
				GCC_WARN_ABOUT_RETURN_TYPE = YES_ERROR;
				GCC_WARN_UNDECLARED_SELECTOR = YES;
				GCC_WARN_UNINITIALIZED_AUTOS = YES_AGGRESSIVE;
				GCC_WARN_UNUSED_FUNCTION = YES;
				GCC_WARN_UNUSED_VARIABLE = YES;
				IPHONEOS_DEPLOYMENT_TARGET = 17.4;
				LOCALIZATION_PREFERS_STRING_CATALOGS = YES;
				MTL_ENABLE_DEBUG_INFO = NO;
				MTL_FAST_MATH = YES;
				SDKROOT = iphoneos;
				SWIFT_COMPILATION_MODE = wholemodule;
				VALIDATE_PRODUCT = YES;
			};
			name = Release;
		};
		F96B91792C42C14600FFE23D /* Debug */ = {
			isa = XCBuildConfiguration;
			buildSettings = {
				ASSETCATALOG_COMPILER_APPICON_NAME = AppIcon;
				ASSETCATALOG_COMPILER_GLOBAL_ACCENT_COLOR_NAME = AccentColor;
				ASSETCATALOG_COMPILER_INCLUDE_ALL_APPICON_ASSETS = YES;
				CODE_SIGN_STYLE = Automatic;
				CURRENT_PROJECT_VERSION = 1;
				DEVELOPMENT_TEAM = S593B262J6;
				GENERATE_INFOPLIST_FILE = YES;
				INFOPLIST_FILE = StyleUnic/Info.plist;
				INFOPLIST_KEY_UIApplicationSupportsIndirectInputEvents = YES;
				INFOPLIST_KEY_UILaunchStoryboardName = LaunchScreen;
				INFOPLIST_KEY_UIMainStoryboardFile = Main;
				INFOPLIST_KEY_UISupportedInterfaceOrientations_iPad = "UIInterfaceOrientationPortrait UIInterfaceOrientationPortraitUpsideDown UIInterfaceOrientationLandscapeLeft UIInterfaceOrientationLandscapeRight";
				INFOPLIST_KEY_UISupportedInterfaceOrientations_iPhone = "UIInterfaceOrientationPortrait UIInterfaceOrientationLandscapeLeft UIInterfaceOrientationLandscapeRight";
				IPHONEOS_DEPLOYMENT_TARGET = 13.0;
				LD_RUNPATH_SEARCH_PATHS = (
					"$(inherited)",
					"@executable_path/Frameworks",
				);
				MARKETING_VERSION = 1.0;
				PRODUCT_BUNDLE_IDENTIFIER = Kamalesh.StyleUnic;
				PRODUCT_NAME = "$(TARGET_NAME)";
				SWIFT_EMIT_LOC_STRINGS = YES;
				SWIFT_VERSION = 5.0;
				TARGETED_DEVICE_FAMILY = "1,2";
			};
			name = Debug;
		};
		F96B917A2C42C14600FFE23D /* Release */ = {
			isa = XCBuildConfiguration;
			buildSettings = {
				ASSETCATALOG_COMPILER_APPICON_NAME = AppIcon;
				ASSETCATALOG_COMPILER_GLOBAL_ACCENT_COLOR_NAME = AccentColor;
				ASSETCATALOG_COMPILER_INCLUDE_ALL_APPICON_ASSETS = YES;
				CODE_SIGN_STYLE = Automatic;
				CURRENT_PROJECT_VERSION = 1;
				DEVELOPMENT_TEAM = S593B262J6;
				GENERATE_INFOPLIST_FILE = YES;
				INFOPLIST_FILE = StyleUnic/Info.plist;
				INFOPLIST_KEY_UIApplicationSupportsIndirectInputEvents = YES;
				INFOPLIST_KEY_UILaunchStoryboardName = LaunchScreen;
				INFOPLIST_KEY_UIMainStoryboardFile = Main;
				INFOPLIST_KEY_UISupportedInterfaceOrientations_iPad = "UIInterfaceOrientationPortrait UIInterfaceOrientationPortraitUpsideDown UIInterfaceOrientationLandscapeLeft UIInterfaceOrientationLandscapeRight";
				INFOPLIST_KEY_UISupportedInterfaceOrientations_iPhone = "UIInterfaceOrientationPortrait UIInterfaceOrientationLandscapeLeft UIInterfaceOrientationLandscapeRight";
				IPHONEOS_DEPLOYMENT_TARGET = 13.0;
				LD_RUNPATH_SEARCH_PATHS = (
					"$(inherited)",
					"@executable_path/Frameworks",
				);
				MARKETING_VERSION = 1.0;
				PRODUCT_BUNDLE_IDENTIFIER = Kamalesh.StyleUnic;
				PRODUCT_NAME = "$(TARGET_NAME)";
				SWIFT_EMIT_LOC_STRINGS = YES;
				SWIFT_VERSION = 5.0;
				TARGETED_DEVICE_FAMILY = "1,2";
			};
			name = Release;
		};
/* End XCBuildConfiguration section */

/* Begin XCConfigurationList section */
		F96B915F2C42C14500FFE23D /* Build configuration list for PBXProject "StyleUnic" */ = {
			isa = XCConfigurationList;
			buildConfigurations = (
				F96B91762C42C14600FFE23D /* Debug */,
				F96B91772C42C14600FFE23D /* Release */,
			);
			defaultConfigurationIsVisible = 0;
			defaultConfigurationName = Release;
		};
		F96B91782C42C14600FFE23D /* Build configuration list for PBXNativeTarget "StyleUnic" */ = {
			isa = XCConfigurationList;
			buildConfigurations = (
				F96B91792C42C14600FFE23D /* Debug */,
				F96B917A2C42C14600FFE23D /* Release */,
			);
			defaultConfigurationIsVisible = 0;
			defaultConfigurationName = Release;
		};
/* End XCConfigurationList section */
	};
	rootObject = F96B915C2C42C14500FFE23D /* Project object */;
}
